// !$*UTF8*$!
{
	archiveVersion = 1;
	classes = {
	};
	objectVersion = 56;
	objects = {

/* Begin PBXBuildFile section */
		101B08DA2BBB1F1E000A24CA /* Game.swift in Sources */ = {isa = PBXBuildFile; fileRef = 101B08D92BBB1F1E000A24CA /* Game.swift */; };
		108A7FE72BBDBFD0003F4FBE /* GameViewModel.swift in Sources */ = {isa = PBXBuildFile; fileRef = 108A7FE62BBDBFD0003F4FBE /* GameViewModel.swift */; };
		108A7FE92BBE1E39003F4FBE /* QuestionView.swift in Sources */ = {isa = PBXBuildFile; fileRef = 108A7FE82BBE1E39003F4FBE /* QuestionView.swift */; };
		10B128D82BA91A1C006BBA40 /* Code_History__Swift_App.swift in Sources */ = {isa = PBXBuildFile; fileRef = 10B128D72BA91A1C006BBA40 /* Code_History__Swift_App.swift */; };
		10B128DA2BA91A1C006BBA40 /* GameView.swift in Sources */ = {isa = PBXBuildFile; fileRef = 10B128D92BA91A1C006BBA40 /* GameView.swift */; };
		10B128DC2BA91A1E006BBA40 /* Assets.xcassets in Resources */ = {isa = PBXBuildFile; fileRef = 10B128DB2BA91A1E006BBA40 /* Assets.xcassets */; };
		10B128DF2BA91A1E006BBA40 /* Preview Assets.xcassets in Resources */ = {isa = PBXBuildFile; fileRef = 10B128DE2BA91A1E006BBA40 /* Preview Assets.xcassets */; };
		10B128E62BA94B5B006BBA40 /* Question.swift in Sources */ = {isa = PBXBuildFile; fileRef = 10B128E52BA94B5B006BBA40 /* Question.swift */; };
		10B128E82BA94E31006BBA40 /* ChoiceTextView.swift in Sources */ = {isa = PBXBuildFile; fileRef = 10B128E72BA94E31006BBA40 /* ChoiceTextView.swift */; };
		10B9A6C52BBC86190005AEC6 /* WelcomeView.swift in Sources */ = {isa = PBXBuildFile; fileRef = 10B9A6C42BBC86190005AEC6 /* WelcomeView.swift */; };
		10B9A6C72BBC942D0005AEC6 /* GameColor.swift in Sources */ = {isa = PBXBuildFile; fileRef = 10B9A6C62BBC942D0005AEC6 /* GameColor.swift */; };
		10B9A6C92BBC988D0005AEC6 /* BottomTextView.swift in Sources */ = {isa = PBXBuildFile; fileRef = 10B9A6C82BBC988D0005AEC6 /* BottomTextView.swift */; };
/* End PBXBuildFile section */

/* Begin PBXFileReference section */
		101B08D92BBB1F1E000A24CA /* Game.swift */ = {isa = PBXFileReference; lastKnownFileType = sourcecode.swift; path = Game.swift; sourceTree = "<group>"; };
		108A7FE62BBDBFD0003F4FBE /* GameViewModel.swift */ = {isa = PBXFileReference; lastKnownFileType = sourcecode.swift; path = GameViewModel.swift; sourceTree = "<group>"; };
		108A7FE82BBE1E39003F4FBE /* QuestionView.swift */ = {isa = PBXFileReference; lastKnownFileType = sourcecode.swift; path = QuestionView.swift; sourceTree = "<group>"; };
		10B128D42BA91A1C006BBA40 /* Code History (Swift).app */ = {isa = PBXFileReference; explicitFileType = wrapper.application; includeInIndex = 0; path = "Code History (Swift).app"; sourceTree = BUILT_PRODUCTS_DIR; };
		10B128D72BA91A1C006BBA40 /* Code_History__Swift_App.swift */ = {isa = PBXFileReference; lastKnownFileType = sourcecode.swift; path = Code_History__Swift_App.swift; sourceTree = "<group>"; };
		10B128D92BA91A1C006BBA40 /* GameView.swift */ = {isa = PBXFileReference; lastKnownFileType = sourcecode.swift; path = GameView.swift; sourceTree = "<group>"; };
		10B128DB2BA91A1E006BBA40 /* Assets.xcassets */ = {isa = PBXFileReference; lastKnownFileType = folder.assetcatalog; path = Assets.xcassets; sourceTree = "<group>"; };
		10B128DE2BA91A1E006BBA40 /* Preview Assets.xcassets */ = {isa = PBXFileReference; lastKnownFileType = folder.assetcatalog; path = "Preview Assets.xcassets"; sourceTree = "<group>"; };
		10B128E52BA94B5B006BBA40 /* Question.swift */ = {isa = PBXFileReference; lastKnownFileType = sourcecode.swift; path = Question.swift; sourceTree = "<group>"; };
		10B128E72BA94E31006BBA40 /* ChoiceTextView.swift */ = {isa = PBXFileReference; lastKnownFileType = sourcecode.swift; path = ChoiceTextView.swift; sourceTree = "<group>"; };
		10B9A6C42BBC86190005AEC6 /* WelcomeView.swift */ = {isa = PBXFileReference; lastKnownFileType = sourcecode.swift; path = WelcomeView.swift; sourceTree = "<group>"; };
		10B9A6C62BBC942D0005AEC6 /* GameColor.swift */ = {isa = PBXFileReference; lastKnownFileType = sourcecode.swift; path = GameColor.swift; sourceTree = "<group>"; };
		10B9A6C82BBC988D0005AEC6 /* BottomTextView.swift */ = {isa = PBXFileReference; lastKnownFileType = sourcecode.swift; path = BottomTextView.swift; sourceTree = "<group>"; };
/* End PBXFileReference section */

/* Begin PBXFrameworksBuildPhase section */
		10B128D12BA91A1C006BBA40 /* Frameworks */ = {
			isa = PBXFrameworksBuildPhase;
			buildActionMask = 2147483647;
			files = (
			);
			runOnlyForDeploymentPostprocessing = 0;
		};
/* End PBXFrameworksBuildPhase section */

/* Begin PBXGroup section */
		101B08DB2BBB23DA000A24CA /* Models */ = {
			isa = PBXGroup;
			children = (
				101B08D92BBB1F1E000A24CA /* Game.swift */,
				10B128E52BA94B5B006BBA40 /* Question.swift */,
			);
			path = Models;
			sourceTree = "<group>";
		};
		101B08DC2BBB2404000A24CA /* Views */ = {
			isa = PBXGroup;
			children = (
				10B128D92BA91A1C006BBA40 /* GameView.swift */,
				10B128E72BA94E31006BBA40 /* ChoiceTextView.swift */,
				10B9A6C42BBC86190005AEC6 /* WelcomeView.swift */,
				10B9A6C62BBC942D0005AEC6 /* GameColor.swift */,
				10B9A6C82BBC988D0005AEC6 /* BottomTextView.swift */,
				108A7FE82BBE1E39003F4FBE /* QuestionView.swift */,
			);
			path = Views;
			sourceTree = "<group>";
		};
		108A7FE52BBDB993003F4FBE /* ViewModels */ = {
			isa = PBXGroup;
			children = (
				108A7FE62BBDBFD0003F4FBE /* GameViewModel.swift */,
			);
			path = ViewModels;
			sourceTree = "<group>";
		};
		10B128CB2BA91A1B006BBA40 = {
			isa = PBXGroup;
			children = (
				10B128D62BA91A1C006BBA40 /* Code History (Swift) */,
				10B128D52BA91A1C006BBA40 /* Products */,
			);
			sourceTree = "<group>";
		};
		10B128D52BA91A1C006BBA40 /* Products */ = {
			isa = PBXGroup;
			children = (
				10B128D42BA91A1C006BBA40 /* Code History (Swift).app */,
			);
			name = Products;
			sourceTree = "<group>";
		};
		10B128D62BA91A1C006BBA40 /* Code History (Swift) */ = {
			isa = PBXGroup;
			children = (
				10B128DB2BA91A1E006BBA40 /* Assets.xcassets */,
				10B128D72BA91A1C006BBA40 /* Code_History__Swift_App.swift */,
				101B08DC2BBB2404000A24CA /* Views */,
				101B08DB2BBB23DA000A24CA /* Models */,
				108A7FE52BBDB993003F4FBE /* ViewModels */,
				10B128DD2BA91A1E006BBA40 /* Preview Content */,
			);
			path = "Code History (Swift)";
			sourceTree = "<group>";
		};
		10B128DD2BA91A1E006BBA40 /* Preview Content */ = {
			isa = PBXGroup;
			children = (
				10B128DE2BA91A1E006BBA40 /* Preview Assets.xcassets */,
			);
			path = "Preview Content";
			sourceTree = "<group>";
		};
/* End PBXGroup section */

/* Begin PBXNativeTarget section */
		10B128D32BA91A1C006BBA40 /* Code History (Swift) */ = {
			isa = PBXNativeTarget;
			buildConfigurationList = 10B128E22BA91A1E006BBA40 /* Build configuration list for PBXNativeTarget "Code History (Swift)" */;
			buildPhases = (
				10B128D02BA91A1C006BBA40 /* Sources */,
				10B128D12BA91A1C006BBA40 /* Frameworks */,
				10B128D22BA91A1C006BBA40 /* Resources */,
			);
			buildRules = (
			);
			dependencies = (
			);
			name = "Code History (Swift)";
			productName = "Code History (Swift)";
			productReference = 10B128D42BA91A1C006BBA40 /* Code History (Swift).app */;
			productType = "com.apple.product-type.application";
		};
/* End PBXNativeTarget section */

/* Begin PBXProject section */
		10B128CC2BA91A1C006BBA40 /* Project object */ = {
			isa = PBXProject;
			attributes = {
				BuildIndependentTargetsInParallel = 1;
				LastSwiftUpdateCheck = 1530;
				LastUpgradeCheck = 1530;
				TargetAttributes = {
					10B128D32BA91A1C006BBA40 = {
						CreatedOnToolsVersion = 15.3;
					};
				};
			};
			buildConfigurationList = 10B128CF2BA91A1C006BBA40 /* Build configuration list for PBXProject "Code History (Swift)" */;
			compatibilityVersion = "Xcode 14.0";
			developmentRegion = en;
			hasScannedForEncodings = 0;
			knownRegions = (
				en,
				Base,
			);
			mainGroup = 10B128CB2BA91A1B006BBA40;
			productRefGroup = 10B128D52BA91A1C006BBA40 /* Products */;
			projectDirPath = "";
			projectRoot = "";
			targets = (
				10B128D32BA91A1C006BBA40 /* Code History (Swift) */,
			);
		};
/* End PBXProject section */

/* Begin PBXResourcesBuildPhase section */
		10B128D22BA91A1C006BBA40 /* Resources */ = {
			isa = PBXResourcesBuildPhase;
			buildActionMask = 2147483647;
			files = (
				10B128DF2BA91A1E006BBA40 /* Preview Assets.xcassets in Resources */,
				10B128DC2BA91A1E006BBA40 /* Assets.xcassets in Resources */,
			);
			runOnlyForDeploymentPostprocessing = 0;
		};
/* End PBXResourcesBuildPhase section */

/* Begin PBXSourcesBuildPhase section */
		10B128D02BA91A1C006BBA40 /* Sources */ = {
			isa = PBXSourcesBuildPhase;
			buildActionMask = 2147483647;
			files = (
				108A7FE92BBE1E39003F4FBE /* QuestionView.swift in Sources */,
				108A7FE72BBDBFD0003F4FBE /* GameViewModel.swift in Sources */,
				10B128E62BA94B5B006BBA40 /* Question.swift in Sources */,
				10B9A6C52BBC86190005AEC6 /* WelcomeView.swift in Sources */,
				101B08DA2BBB1F1E000A24CA /* Game.swift in Sources */,
				10B128DA2BA91A1C006BBA40 /* GameView.swift in Sources */,
				10B9A6C92BBC988D0005AEC6 /* BottomTextView.swift in Sources */,
				10B9A6C72BBC942D0005AEC6 /* GameColor.swift in Sources */,
				10B128E82BA94E31006BBA40 /* ChoiceTextView.swift in Sources */,
				10B128D82BA91A1C006BBA40 /* Code_History__Swift_App.swift in Sources */,
			);
			runOnlyForDeploymentPostprocessing = 0;
		};
/* End PBXSourcesBuildPhase section */

/* Begin XCBuildConfiguration section */
		10B128E02BA91A1E006BBA40 /* Debug */ = {
			isa = XCBuildConfiguration;
			buildSettings = {
				ALWAYS_SEARCH_USER_PATHS = NO;
				ASSETCATALOG_COMPILER_GENERATE_SWIFT_ASSET_SYMBOL_EXTENSIONS = YES;
				CLANG_ANALYZER_NONNULL = YES;
				CLANG_ANALYZER_NUMBER_OBJECT_CONVERSION = YES_AGGRESSIVE;
				CLANG_CXX_LANGUAGE_STANDARD = "gnu++20";
				CLANG_ENABLE_MODULES = YES;
				CLANG_ENABLE_OBJC_ARC = YES;
				CLANG_ENABLE_OBJC_WEAK = YES;
				CLANG_WARN_BLOCK_CAPTURE_AUTORELEASING = YES;
				CLANG_WARN_BOOL_CONVERSION = YES;
				CLANG_WARN_COMMA = YES;
				CLANG_WARN_CONSTANT_CONVERSION = YES;
				CLANG_WARN_DEPRECATED_OBJC_IMPLEMENTATIONS = YES;
				CLANG_WARN_DIRECT_OBJC_ISA_USAGE = YES_ERROR;
				CLANG_WARN_DOCUMENTATION_COMMENTS = YES;
				CLANG_WARN_EMPTY_BODY = YES;
				CLANG_WARN_ENUM_CONVERSION = YES;
				CLANG_WARN_INFINITE_RECURSION = YES;
				CLANG_WARN_INT_CONVERSION = YES;
				CLANG_WARN_NON_LITERAL_NULL_CONVERSION = YES;
				CLANG_WARN_OBJC_IMPLICIT_RETAIN_SELF = YES;
				CLANG_WARN_OBJC_LITERAL_CONVERSION = YES;
				CLANG_WARN_OBJC_ROOT_CLASS = YES_ERROR;
				CLANG_WARN_QUOTED_INCLUDE_IN_FRAMEWORK_HEADER = YES;
				CLANG_WARN_RANGE_LOOP_ANALYSIS = YES;
				CLANG_WARN_STRICT_PROTOTYPES = YES;
				CLANG_WARN_SUSPICIOUS_MOVE = YES;
				CLANG_WARN_UNGUARDED_AVAILABILITY = YES_AGGRESSIVE;
				CLANG_WARN_UNREACHABLE_CODE = YES;
				CLANG_WARN__DUPLICATE_METHOD_MATCH = YES;
				COPY_PHASE_STRIP = NO;
				DEBUG_INFORMATION_FORMAT = dwarf;
				ENABLE_STRICT_OBJC_MSGSEND = YES;
				ENABLE_TESTABILITY = YES;
				ENABLE_USER_SCRIPT_SANDBOXING = YES;
				GCC_C_LANGUAGE_STANDARD = gnu17;
				GCC_DYNAMIC_NO_PIC = NO;
				GCC_NO_COMMON_BLOCKS = YES;
				GCC_OPTIMIZATION_LEVEL = 0;
				GCC_PREPROCESSOR_DEFINITIONS = (
					"DEBUG=1",
					"$(inherited)",
				);
				GCC_WARN_64_TO_32_BIT_CONVERSION = YES;
				GCC_WARN_ABOUT_RETURN_TYPE = YES_ERROR;
				GCC_WARN_UNDECLARED_SELECTOR = YES;
				GCC_WARN_UNINITIALIZED_AUTOS = YES_AGGRESSIVE;
				GCC_WARN_UNUSED_FUNCTION = YES;
				GCC_WARN_UNUSED_VARIABLE = YES;
				IPHONEOS_DEPLOYMENT_TARGET = 17.4;
				LOCALIZATION_PREFERS_STRING_CATALOGS = YES;
				MTL_ENABLE_DEBUG_INFO = INCLUDE_SOURCE;
				MTL_FAST_MATH = YES;
				ONLY_ACTIVE_ARCH = YES;
				SDKROOT = iphoneos;
				SWIFT_ACTIVE_COMPILATION_CONDITIONS = "DEBUG $(inherited)";
				SWIFT_OPTIMIZATION_LEVEL = "-Onone";
			};
			name = Debug;
		};
		10B128E12BA91A1E006BBA40 /* Release */ = {
			isa = XCBuildConfiguration;
			buildSettings = {
				ALWAYS_SEARCH_USER_PATHS = NO;
				ASSETCATALOG_COMPILER_GENERATE_SWIFT_ASSET_SYMBOL_EXTENSIONS = YES;
				CLANG_ANALYZER_NONNULL = YES;
				CLANG_ANALYZER_NUMBER_OBJECT_CONVERSION = YES_AGGRESSIVE;
				CLANG_CXX_LANGUAGE_STANDARD = "gnu++20";
				CLANG_ENABLE_MODULES = YES;
				CLANG_ENABLE_OBJC_ARC = YES;
				CLANG_ENABLE_OBJC_WEAK = YES;
				CLANG_WARN_BLOCK_CAPTURE_AUTORELEASING = YES;
				CLANG_WARN_BOOL_CONVERSION = YES;
				CLANG_WARN_COMMA = YES;
				CLANG_WARN_CONSTANT_CONVERSION = YES;
				CLANG_WARN_DEPRECATED_OBJC_IMPLEMENTATIONS = YES;
				CLANG_WARN_DIRECT_OBJC_ISA_USAGE = YES_ERROR;
				CLANG_WARN_DOCUMENTATION_COMMENTS = YES;
				CLANG_WARN_EMPTY_BODY = YES;
				CLANG_WARN_ENUM_CONVERSION = YES;
				CLANG_WARN_INFINITE_RECURSION = YES;
				CLANG_WARN_INT_CONVERSION = YES;
				CLANG_WARN_NON_LITERAL_NULL_CONVERSION = YES;
				CLANG_WARN_OBJC_IMPLICIT_RETAIN_SELF = YES;
				CLANG_WARN_OBJC_LITERAL_CONVERSION = YES;
				CLANG_WARN_OBJC_ROOT_CLASS = YES_ERROR;
				CLANG_WARN_QUOTED_INCLUDE_IN_FRAMEWORK_HEADER = YES;
				CLANG_WARN_RANGE_LOOP_ANALYSIS = YES;
				CLANG_WARN_STRICT_PROTOTYPES = YES;
				CLANG_WARN_SUSPICIOUS_MOVE = YES;
				CLANG_WARN_UNGUARDED_AVAILABILITY = YES_AGGRESSIVE;
				CLANG_WARN_UNREACHABLE_CODE = YES;
				CLANG_WARN__DUPLICATE_METHOD_MATCH = YES;
				COPY_PHASE_STRIP = NO;
				DEBUG_INFORMATION_FORMAT = "dwarf-with-dsym";
				ENABLE_NS_ASSERTIONS = NO;
				ENABLE_STRICT_OBJC_MSGSEND = YES;
				ENABLE_USER_SCRIPT_SANDBOXING = YES;
				GCC_C_LANGUAGE_STANDARD = gnu17;
				GCC_NO_COMMON_BLOCKS = YES;
				GCC_WARN_64_TO_32_BIT_CONVERSION = YES;
				GCC_WARN_ABOUT_RETURN_TYPE = YES_ERROR;
				GCC_WARN_UNDECLARED_SELECTOR = YES;
				GCC_WARN_UNINITIALIZED_AUTOS = YES_AGGRESSIVE;
				GCC_WARN_UNUSED_FUNCTION = YES;
				GCC_WARN_UNUSED_VARIABLE = YES;
				IPHONEOS_DEPLOYMENT_TARGET = 17.4;
				LOCALIZATION_PREFERS_STRING_CATALOGS = YES;
				MTL_ENABLE_DEBUG_INFO = NO;
				MTL_FAST_MATH = YES;
				SDKROOT = iphoneos;
				SWIFT_COMPILATION_MODE = wholemodule;
				VALIDATE_PRODUCT = YES;
			};
			name = Release;
		};
		10B128E32BA91A1E006BBA40 /* Debug */ = {
			isa = XCBuildConfiguration;
			buildSettings = {
				ASSETCATALOG_COMPILER_APPICON_NAME = AppIcon;
				ASSETCATALOG_COMPILER_GLOBAL_ACCENT_COLOR_NAME = AccentColor;
				CODE_SIGN_STYLE = Automatic;
				CURRENT_PROJECT_VERSION = 1;
				DEVELOPMENT_ASSET_PATHS = "\"Code History (Swift)/Preview Content\"";
				ENABLE_PREVIEWS = YES;
				GENERATE_INFOPLIST_FILE = YES;
				INFOPLIST_KEY_UIApplicationSceneManifest_Generation = YES;
				INFOPLIST_KEY_UIApplicationSupportsIndirectInputEvents = YES;
				INFOPLIST_KEY_UILaunchScreen_Generation = YES;
				INFOPLIST_KEY_UISupportedInterfaceOrientations_iPad = "UIInterfaceOrientationPortrait UIInterfaceOrientationPortraitUpsideDown UIInterfaceOrientationLandscapeLeft UIInterfaceOrientationLandscapeRight";
				INFOPLIST_KEY_UISupportedInterfaceOrientations_iPhone = "UIInterfaceOrientationPortrait UIInterfaceOrientationLandscapeLeft UIInterfaceOrientationLandscapeRight";
				LD_RUNPATH_SEARCH_PATHS = (
					"$(inherited)",
					"@executable_path/Frameworks",
				);
				MARKETING_VERSION = 1.0;
				PRODUCT_BUNDLE_IDENTIFIER = "com.Liiv-Dev.Code-History--Swift-";
				PRODUCT_NAME = "$(TARGET_NAME)";
				SWIFT_EMIT_LOC_STRINGS = YES;
				SWIFT_VERSION = 5.0;
				TARGETED_DEVICE_FAMILY = "1,2";
			};
			name = Debug;
		};
		10B128E42BA91A1E006BBA40 /* Release */ = {
			isa = XCBuildConfiguration;
			buildSettings = {
				ASSETCATALOG_COMPILER_APPICON_NAME = AppIcon;
				ASSETCATALOG_COMPILER_GLOBAL_ACCENT_COLOR_NAME = AccentColor;
				CODE_SIGN_STYLE = Automatic;
				CURRENT_PROJECT_VERSION = 1;
				DEVELOPMENT_ASSET_PATHS = "\"Code History (Swift)/Preview Content\"";
				ENABLE_PREVIEWS = YES;
				GENERATE_INFOPLIST_FILE = YES;
				INFOPLIST_KEY_UIApplicationSceneManifest_Generation = YES;
				INFOPLIST_KEY_UIApplicationSupportsIndirectInputEvents = YES;
				INFOPLIST_KEY_UILaunchScreen_Generation = YES;
				INFOPLIST_KEY_UISupportedInterfaceOrientations_iPad = "UIInterfaceOrientationPortrait UIInterfaceOrientationPortraitUpsideDown UIInterfaceOrientationLandscapeLeft UIInterfaceOrientationLandscapeRight";
				INFOPLIST_KEY_UISupportedInterfaceOrientations_iPhone = "UIInterfaceOrientationPortrait UIInterfaceOrientationLandscapeLeft UIInterfaceOrientationLandscapeRight";
				LD_RUNPATH_SEARCH_PATHS = (
					"$(inherited)",
					"@executable_path/Frameworks",
				);
				MARKETING_VERSION = 1.0;
				PRODUCT_BUNDLE_IDENTIFIER = "com.Liiv-Dev.Code-History--Swift-";
				PRODUCT_NAME = "$(TARGET_NAME)";
				SWIFT_EMIT_LOC_STRINGS = YES;
				SWIFT_VERSION = 5.0;
				TARGETED_DEVICE_FAMILY = "1,2";
			};
			name = Release;
		};
/* End XCBuildConfiguration section */

/* Begin XCConfigurationList section */
		10B128CF2BA91A1C006BBA40 /* Build configuration list for PBXProject "Code History (Swift)" */ = {
			isa = XCConfigurationList;
			buildConfigurations = (
				10B128E02BA91A1E006BBA40 /* Debug */,
				10B128E12BA91A1E006BBA40 /* Release */,
			);
			defaultConfigurationIsVisible = 0;
			defaultConfigurationName = Release;
		};
		10B128E22BA91A1E006BBA40 /* Build configuration list for PBXNativeTarget "Code History (Swift)" */ = {
			isa = XCConfigurationList;
			buildConfigurations = (
				10B128E32BA91A1E006BBA40 /* Debug */,
				10B128E42BA91A1E006BBA40 /* Release */,
			);
			defaultConfigurationIsVisible = 0;
			defaultConfigurationName = Release;
		};
/* End XCConfigurationList section */
	};
	rootObject = 10B128CC2BA91A1C006BBA40 /* Project object */;
}
